github.com/AnimusPEXUS/golockercheckable v0.0.0-20230720142101-c18c8d2e2212 h1:FlnUY8A7jNNoQqgMPOHB1QuMtC9+1DALw+SHM19v3CA=
github.com/AnimusPEXUS/golockercheckable v0.0.0-20230720142101-c18c8d2e2212/go.mod h1:JKRD/6+u2NdqZ4DG7LSXue5joMEUN9kbY0UYgejE6s4=
github.com/AnimusPEXUS/goreentrantlock v0.0.0-20230720154132-af16bf988989 h1:pyegQAPcMEKm/tzaZ2DcJT5sq7c4AFAuHUkPN8DfAko=
github.com/AnimusPEXUS/goreentrantlock v0.0.0-20230720154132-af16bf988989/go.mod h1:k33Yrs8wSw7aePZokCvMfE8GbI9vWSN+AjSA7RBlV4w=
github.com/AnimusPEXUS/goroutineid v0.0.0-20230720133607-c9ed2d3b2260 h1:36PKXFdhnmKM4vlo51MzzVpGMnccpg/HF0yWi6IAsbk=
github.com/AnimusPEXUS/goroutineid v0.0.0-20230720133607-c9ed2d3b2260/go.mod h1:a3MlFoDwdgeAHnU4RqcKdOJLDgIvat20MDJHTagACdc=
